
Microsoft Visual Studio Solution File, Format Version 12.00
# Visual Studio Version 17
VisualStudioVersion = 17.0.31903.59
MinimumVisualStudioVersion = 10.0.40219.1
Project("{FAE04EC0-301F-11D3-BF4B-00C04F79EFBC}") = "Drivers-Management.Application", "Drivers-Management.Application\Drivers-Management.Application.csproj", "{21CD4354-5DF3-4354-9B8E-6A04A1C2C9FB}"
EndProject
Project("{FAE04EC0-301F-11D3-BF4B-00C04F79EFBC}") = "Drivers-Management.Infra", "Drivers-Management.Infra\Drivers-Management.Infra.csproj", "{B596010E-8B14-4D4C-8BBA-424B4ECE80C4}"
EndProject
Project("{FAE04EC0-301F-11D3-BF4B-00C04F79EFBC}") = "Drivers-Management.Domain", "Drivers-Management.Domain\Drivers-Management.Domain.csproj", "{9493B654-E795-42E0-98BC-1FBC5BA5CEC7}"
EndProject
Project("{FAE04EC0-301F-11D3-BF4B-00C04F79EFBC}") = "Drivers-Management.Tests", "Drivers-Management.Tests\Drivers-Management.Tests.csproj", "{FE2DB12D-D82F-4372-8132-7A1E2568681E}"
EndProject
Global
	GlobalSection(SolutionConfigurationPlatforms) = preSolution
		Debug|Any CPU = Debug|Any CPU
		Release|Any CPU = Release|Any CPU
	EndGlobalSection
	GlobalSection(SolutionProperties) = preSolution
		HideSolutionNode = FALSE
	EndGlobalSection
	GlobalSection(ProjectConfigurationPlatforms) = postSolution
		{21CD4354-5DF3-4354-9B8E-6A04A1C2C9FB}.Debug|Any CPU.ActiveCfg = Debug|Any CPU
		{21CD4354-5DF3-4354-9B8E-6A04A1C2C9FB}.Debug|Any CPU.Build.0 = Debug|Any CPU
		{21CD4354-5DF3-4354-9B8E-6A04A1C2C9FB}.Release|Any CPU.ActiveCfg = Release|Any CPU
		{21CD4354-5DF3-4354-9B8E-6A04A1C2C9FB}.Release|Any CPU.Build.0 = Release|Any CPU
		{B596010E-8B14-4D4C-8BBA-424B4ECE80C4}.Debug|Any CPU.ActiveCfg = Debug|Any CPU
		{B596010E-8B14-4D4C-8BBA-424B4ECE80C4}.Debug|Any CPU.Build.0 = Debug|Any CPU
		{B596010E-8B14-4D4C-8BBA-424B4ECE80C4}.Release|Any CPU.ActiveCfg = Release|Any CPU
		{B596010E-8B14-4D4C-8BBA-424B4ECE80C4}.Release|Any CPU.Build.0 = Release|Any CPU
		{9493B654-E795-42E0-98BC-1FBC5BA5CEC7}.Debug|Any CPU.ActiveCfg = Debug|Any CPU
		{9493B654-E795-42E0-98BC-1FBC5BA5CEC7}.Debug|Any CPU.Build.0 = Debug|Any CPU
		{9493B654-E795-42E0-98BC-1FBC5BA5CEC7}.Release|Any CPU.ActiveCfg = Release|Any CPU
		{9493B654-E795-42E0-98BC-1FBC5BA5CEC7}.Release|Any CPU.Build.0 = Release|Any CPU
		{FE2DB12D-D82F-4372-8132-7A1E2568681E}.Debug|Any CPU.ActiveCfg = Debug|Any CPU
		{FE2DB12D-D82F-4372-8132-7A1E2568681E}.Debug|Any CPU.Build.0 = Debug|Any CPU
		{FE2DB12D-D82F-4372-8132-7A1E2568681E}.Release|Any CPU.ActiveCfg = Release|Any CPU
		{FE2DB12D-D82F-4372-8132-7A1E2568681E}.Release|Any CPU.Build.0 = Release|Any CPU
	EndGlobalSection
EndGlobal
